
Microsoft Visual Studio Solution File, Format Version 12.00
# Visual Studio Version 17
VisualStudioVersion = 17.14.36408.4 d17.14
MinimumVisualStudioVersion = 10.0.40219.1
Project("{888888A0-9F3D-457C-B088-3A5042F75D52}") = "wildfire_yolo_vlm_mvp", "wildfire_yolo_vlm_mvp\wildfire_yolo_vlm_mvp.pyproj", "{D103AC4D-8353-4922-AF6C-FEACFC372EBB}"
EndProject
Global
	GlobalSection(SolutionConfigurationPlatforms) = preSolution
		Debug|Any CPU = Debug|Any CPU
		Release|Any CPU = Release|Any CPU
	EndGlobalSection
	GlobalSection(ProjectConfigurationPlatforms) = postSolution
		{D103AC4D-8353-4922-AF6C-FEACFC372EBB}.Debug|Any CPU.ActiveCfg = Debug|Any CPU
		{D103AC4D-8353-4922-AF6C-FEACFC372EBB}.Release|Any CPU.ActiveCfg = Release|Any CPU
	EndGlobalSection
	GlobalSection(SolutionProperties) = preSolution
		HideSolutionNode = FALSE
	EndGlobalSection
	GlobalSection(ExtensibilityGlobals) = postSolution
		SolutionGuid = {8B738093-FBF0-4448-98F6-92BB0803EB74}
	EndGlobalSection
EndGlobal
